
Microsoft Visual Studio Solution File, Format Version 12.00
# Visual Studio Version 16
VisualStudioVersion = 16.0.29709.97
MinimumVisualStudioVersion = 10.0.40219.1
Project("{FAE04EC0-301F-11D3-BF4B-00C04F79EFBC}") = "02_level3", "02_level3\02_level3.csproj", "{964E595A-4B8A-4A20-93F4-EF9CFC937A7B}"
EndProject
Global
	GlobalSection(SolutionConfigurationPlatforms) = preSolution
		Debug|Any CPU = Debug|Any CPU
		Release|Any CPU = Release|Any CPU
	EndGlobalSection
	GlobalSection(ProjectConfigurationPlatforms) = postSolution
		{964E595A-4B8A-4A20-93F4-EF9CFC937A7B}.Debug|Any CPU.ActiveCfg = Debug|Any CPU
		{964E595A-4B8A-4A20-93F4-EF9CFC937A7B}.Debug|Any CPU.Build.0 = Debug|Any CPU
		{964E595A-4B8A-4A20-93F4-EF9CFC937A7B}.Release|Any CPU.ActiveCfg = Release|Any CPU
		{964E595A-4B8A-4A20-93F4-EF9CFC937A7B}.Release|Any CPU.Build.0 = Release|Any CPU
	EndGlobalSection
	GlobalSection(SolutionProperties) = preSolution
		HideSolutionNode = FALSE
	EndGlobalSection
	GlobalSection(ExtensibilityGlobals) = postSolution
		SolutionGuid = {D3F1CDDC-69B6-47C0-854C-68C5A810AE40}
	EndGlobalSection
EndGlobal
